Microsoft Visual Studio Solution File, Format Version 12.00
# Visual Studio Version 17
VisualStudioVersion = 17.5.2.0
MinimumVisualStudioVersion = 10.0.40219.1
Project("{FAE04EC0-301F-11D3-BF4B-00C04F79EFBC}") = "BoolaPOS", "BoolaPOS.csproj", "{701A0F4D-5633-5248-26B1-CE04F70FF218}"
EndProject
Project("{FAE04EC0-301F-11D3-BF4B-00C04F79EFBC}") = "BoolaPOS.Tests", "BoolaPOS.Tests\BoolaPOS.Tests.csproj", "{5A319998-1F2A-4D29-ADC8-A97D1569F16E}"
EndProject
Global
	GlobalSection(SolutionConfigurationPlatforms) = preSolution
		Debug|Any CPU = Debug|Any CPU
		Release|Any CPU = Release|Any CPU
	EndGlobalSection
	GlobalSection(ProjectConfigurationPlatforms) = postSolution
		{701A0F4D-5633-5248-26B1-CE04F70FF218}.Debug|Any CPU.ActiveCfg = Debug|Any CPU
		{701A0F4D-5633-5248-26B1-CE04F70FF218}.Debug|Any CPU.Build.0 = Debug|Any CPU
		{701A0F4D-5633-5248-26B1-CE04F70FF218}.Release|Any CPU.ActiveCfg = Release|Any CPU
		{701A0F4D-5633-5248-26B1-CE04F70FF218}.Release|Any CPU.Build.0 = Release|Any CPU
		{5A319998-1F2A-4D29-ADC8-A97D1569F16E}.Debug|Any CPU.ActiveCfg = Debug|Any CPU
		{5A319998-1F2A-4D29-ADC8-A97D1569F16E}.Debug|Any CPU.Build.0 = Debug|Any CPU
		{5A319998-1F2A-4D29-ADC8-A97D1569F16E}.Release|Any CPU.ActiveCfg = Release|Any CPU
		{5A319998-1F2A-4D29-ADC8-A97D1569F16E}.Release|Any CPU.Build.0 = Release|Any CPU
	EndGlobalSection
	GlobalSection(SolutionProperties) = preSolution
		HideSolutionNode = FALSE
	EndGlobalSection
	GlobalSection(ExtensibilityGlobals) = postSolution
		SolutionGuid = {9F6B28B8-BF57-4A34-B3EF-9FF0CB4E3EED}
	EndGlobalSection
EndGlobal
